
Microsoft Visual Studio Solution File, Format Version 12.00
# Visual Studio Version 17
VisualStudioVersion = 17.7.34024.191
MinimumVisualStudioVersion = 10.0.40219.1
Project("{FAE04EC0-301F-11D3-BF4B-00C04F79EFBC}") = "HelloWorld", "HelloWorld.csproj", "{CF7827E0-B1E3-4E6B-8A0B-86A06E4C0634}"
EndProject
Global
	GlobalSection(SolutionConfigurationPlatforms) = preSolution
		Debug|Any CPU = Debug|Any CPU
		Release|Any CPU = Release|Any CPU
	EndGlobalSection
	GlobalSection(ProjectConfigurationPlatforms) = postSolution
		{CF7827E0-B1E3-4E6B-8A0B-86A06E4C0634}.Debug|Any CPU.ActiveCfg = Debug|Any CPU
		{CF7827E0-B1E3-4E6B-8A0B-86A06E4C0634}.Debug|Any CPU.Build.0 = Debug|Any CPU
		{CF7827E0-B1E3-4E6B-8A0B-86A06E4C0634}.Release|Any CPU.ActiveCfg = Release|Any CPU
		{CF7827E0-B1E3-4E6B-8A0B-86A06E4C0634}.Release|Any CPU.Build.0 = Release|Any CPU
	EndGlobalSection
	GlobalSection(SolutionProperties) = preSolution
		HideSolutionNode = FALSE
	EndGlobalSection
	GlobalSection(ExtensibilityGlobals) = postSolution
		SolutionGuid = {96E19707-040A-4AE8-901E-DDCE8AC5D514}
	EndGlobalSection
EndGlobal
